{
  "name": "bootstrapProject",
  "version": "1.0.0",
  "lockfileVersion": 1,
  "dependencies": {
    "background-blur": {
      "version": "0.1.3",
      "resolved": "https://registry.npmjs.org/background-blur/-/background-blur-0.1.3.tgz",
      "integrity": "sha1-SjVy1jEUs+EwgOc4MLn+bo0MYh0="
    },
    "bootstrap": {
      "version": "3.3.7",
      "resolved": "https://registry.npmjs.org/bootstrap/-/bootstrap-3.3.7.tgz",
      "integrity": "sha1-WjiTlFSfIzMIdaOxUGVldPip63E="
    },
    "flexslider": {
      "version": "2.6.3",
      "resolved": "https://registry.npmjs.org/flexslider/-/flexslider-2.6.3.tgz",
      "integrity": "sha1-BUW+8Dr4GYRgxFxJR9lHThW+F04="
    },
    "jquery": {
      "version": "3.2.1",
      "resolved": "https://registry.npmjs.org/jquery/-/jquery-3.2.1.tgz",
      "integrity": "sha1-XE2d5lKvbNCncBVKYxu6ErAVx4c="
    }
  }
}
